// !$*UTF8*$!
{
	archiveVersion = 1;
	classes = {
	};
	objectVersion = 50;
	objects = {

/* Begin PBXBuildFile section */
		EC24DB87226AB65400E8F698 /* ViewControllerHelper.swift in Sources */ = {isa = PBXBuildFile; fileRef = EC24DB86226AB65400E8F698 /* ViewControllerHelper.swift */; };
		EC2728D9226B733A00299D71 /* AboutViewController.swift in Sources */ = {isa = PBXBuildFile; fileRef = EC2728D8226B733A00299D71 /* AboutViewController.swift */; };
		EC2728DC226B7FBF00299D71 /* BullsEye.html in Resources */ = {isa = PBXBuildFile; fileRef = EC2728DB226B7FBF00299D71 /* BullsEye.html */; };
		EC2728DF226B839800299D71 /* WebKit.framework in Frameworks */ = {isa = PBXBuildFile; fileRef = EC2728DE226B839700299D71 /* WebKit.framework */; };
		EC4354332267681C000346F2 /* AppDelegate.swift in Sources */ = {isa = PBXBuildFile; fileRef = EC4354322267681C000346F2 /* AppDelegate.swift */; };
		EC4354352267681C000346F2 /* MainViewController.swift in Sources */ = {isa = PBXBuildFile; fileRef = EC4354342267681C000346F2 /* MainViewController.swift */; };
		EC4354382267681C000346F2 /* Main.storyboard in Resources */ = {isa = PBXBuildFile; fileRef = EC4354362267681C000346F2 /* Main.storyboard */; };
		EC43543A2267681D000346F2 /* Assets.xcassets in Resources */ = {isa = PBXBuildFile; fileRef = EC4354392267681D000346F2 /* Assets.xcassets */; };
		EC43543D2267681D000346F2 /* LaunchScreen.storyboard in Resources */ = {isa = PBXBuildFile; fileRef = EC43543B2267681D000346F2 /* LaunchScreen.storyboard */; };
		EC5A59AC226C483500EF70A1 /* MainView.swift in Sources */ = {isa = PBXBuildFile; fileRef = EC5A59AB226C483500EF70A1 /* MainView.swift */; };
		EC5A59AE226C48E100EF70A1 /* AboutView.swift in Sources */ = {isa = PBXBuildFile; fileRef = EC5A59AD226C48E100EF70A1 /* AboutView.swift */; };
		EC5A59B0226C4E0600EF70A1 /* GameModel.swift in Sources */ = {isa = PBXBuildFile; fileRef = EC5A59AF226C4E0600EF70A1 /* GameModel.swift */; };
/* End PBXBuildFile section */

/* Begin PBXFileReference section */
		EC24DB86226AB65400E8F698 /* ViewControllerHelper.swift */ = {isa = PBXFileReference; lastKnownFileType = sourcecode.swift; path = ViewControllerHelper.swift; sourceTree = "<group>"; };
		EC2728D8226B733A00299D71 /* AboutViewController.swift */ = {isa = PBXFileReference; lastKnownFileType = sourcecode.swift; path = AboutViewController.swift; sourceTree = "<group>"; };
		EC2728DB226B7FBF00299D71 /* BullsEye.html */ = {isa = PBXFileReference; fileEncoding = 4; lastKnownFileType = text.html; path = BullsEye.html; sourceTree = "<group>"; };
		EC2728DE226B839700299D71 /* WebKit.framework */ = {isa = PBXFileReference; lastKnownFileType = wrapper.framework; name = WebKit.framework; path = System/Library/Frameworks/WebKit.framework; sourceTree = SDKROOT; };
		EC43542F2267681C000346F2 /* BullsEye.app */ = {isa = PBXFileReference; explicitFileType = wrapper.application; includeInIndex = 0; path = BullsEye.app; sourceTree = BUILT_PRODUCTS_DIR; };
		EC4354322267681C000346F2 /* AppDelegate.swift */ = {isa = PBXFileReference; lastKnownFileType = sourcecode.swift; path = AppDelegate.swift; sourceTree = "<group>"; };
		EC4354342267681C000346F2 /* MainViewController.swift */ = {isa = PBXFileReference; lastKnownFileType = sourcecode.swift; path = MainViewController.swift; sourceTree = "<group>"; };
		EC4354372267681C000346F2 /* Base */ = {isa = PBXFileReference; lastKnownFileType = file.storyboard; name = Base; path = Base.lproj/Main.storyboard; sourceTree = "<group>"; };
		EC4354392267681D000346F2 /* Assets.xcassets */ = {isa = PBXFileReference; lastKnownFileType = folder.assetcatalog; path = Assets.xcassets; sourceTree = "<group>"; };
		EC43543C2267681D000346F2 /* Base */ = {isa = PBXFileReference; lastKnownFileType = file.storyboard; name = Base; path = Base.lproj/LaunchScreen.storyboard; sourceTree = "<group>"; };
		EC43543E2267681D000346F2 /* Info.plist */ = {isa = PBXFileReference; lastKnownFileType = text.plist.xml; path = Info.plist; sourceTree = "<group>"; };
		EC5A59AB226C483500EF70A1 /* MainView.swift */ = {isa = PBXFileReference; lastKnownFileType = sourcecode.swift; path = MainView.swift; sourceTree = "<group>"; };
		EC5A59AD226C48E100EF70A1 /* AboutView.swift */ = {isa = PBXFileReference; lastKnownFileType = sourcecode.swift; path = AboutView.swift; sourceTree = "<group>"; };
		EC5A59AF226C4E0600EF70A1 /* GameModel.swift */ = {isa = PBXFileReference; lastKnownFileType = sourcecode.swift; path = GameModel.swift; sourceTree = "<group>"; };
/* End PBXFileReference section */

/* Begin PBXFrameworksBuildPhase section */
		EC43542C2267681C000346F2 /* Frameworks */ = {
			isa = PBXFrameworksBuildPhase;
			buildActionMask = 2147483647;
			files = (
				EC2728DF226B839800299D71 /* WebKit.framework in Frameworks */,
			);
			runOnlyForDeploymentPostprocessing = 0;
		};
/* End PBXFrameworksBuildPhase section */

/* Begin PBXGroup section */
		EC24DB85226AB62000E8F698 /* Helper */ = {
			isa = PBXGroup;
			children = (
				EC24DB86226AB65400E8F698 /* ViewControllerHelper.swift */,
			);
			path = Helper;
			sourceTree = "<group>";
		};
		EC2728D7226B72F300299D71 /* Controller */ = {
			isa = PBXGroup;
			children = (
				EC4354342267681C000346F2 /* MainViewController.swift */,
				EC2728D8226B733A00299D71 /* AboutViewController.swift */,
			);
			path = Controller;
			sourceTree = "<group>";
		};
		EC2728DA226B7FA700299D71 /* View */ = {
			isa = PBXGroup;
			children = (
				EC2728DB226B7FBF00299D71 /* BullsEye.html */,
				EC5A59AB226C483500EF70A1 /* MainView.swift */,
				EC5A59AD226C48E100EF70A1 /* AboutView.swift */,
			);
			path = View;
			sourceTree = "<group>";
		};
		EC2728DD226B839700299D71 /* Frameworks */ = {
			isa = PBXGroup;
			children = (
				EC2728DE226B839700299D71 /* WebKit.framework */,
			);
			name = Frameworks;
			sourceTree = "<group>";
		};
		EC4354262267681C000346F2 = {
			isa = PBXGroup;
			children = (
				EC4354312267681C000346F2 /* BullsEye */,
				EC4354302267681C000346F2 /* Products */,
				EC2728DD226B839700299D71 /* Frameworks */,
			);
			sourceTree = "<group>";
		};
		EC4354302267681C000346F2 /* Products */ = {
			isa = PBXGroup;
			children = (
				EC43542F2267681C000346F2 /* BullsEye.app */,
			);
			name = Products;
			sourceTree = "<group>";
		};
		EC4354312267681C000346F2 /* BullsEye */ = {
			isa = PBXGroup;
			children = (
				EC5A59B1226C4E0E00EF70A1 /* Model */,
				EC2728DA226B7FA700299D71 /* View */,
				EC2728D7226B72F300299D71 /* Controller */,
				EC24DB85226AB62000E8F698 /* Helper */,
				EC4354322267681C000346F2 /* AppDelegate.swift */,
				EC4354362267681C000346F2 /* Main.storyboard */,
				EC4354392267681D000346F2 /* Assets.xcassets */,
				EC43543B2267681D000346F2 /* LaunchScreen.storyboard */,
				EC43543E2267681D000346F2 /* Info.plist */,
			);
			path = BullsEye;
			sourceTree = "<group>";
		};
		EC5A59B1226C4E0E00EF70A1 /* Model */ = {
			isa = PBXGroup;
			children = (
				EC5A59AF226C4E0600EF70A1 /* GameModel.swift */,
			);
			path = Model;
			sourceTree = "<group>";
		};
/* End PBXGroup section */

/* Begin PBXNativeTarget section */
		EC43542E2267681C000346F2 /* BullsEye */ = {
			isa = PBXNativeTarget;
			buildConfigurationList = EC4354412267681D000346F2 /* Build configuration list for PBXNativeTarget "BullsEye" */;
			buildPhases = (
				EC43542B2267681C000346F2 /* Sources */,
				EC43542C2267681C000346F2 /* Frameworks */,
				EC43542D2267681C000346F2 /* Resources */,
			);
			buildRules = (
			);
			dependencies = (
			);
			name = BullsEye;
			productName = BullsEye;
			productReference = EC43542F2267681C000346F2 /* BullsEye.app */;
			productType = "com.apple.product-type.application";
		};
/* End PBXNativeTarget section */

/* Begin PBXProject section */
		EC4354272267681C000346F2 /* Project object */ = {
			isa = PBXProject;
			attributes = {
				LastSwiftUpdateCheck = 1020;
				LastUpgradeCheck = 1020;
				ORGANIZATIONNAME = "Hai Vu";
				TargetAttributes = {
					EC43542E2267681C000346F2 = {
						CreatedOnToolsVersion = 10.2;
					};
				};
			};
			buildConfigurationList = EC43542A2267681C000346F2 /* Build configuration list for PBXProject "BullsEye" */;
			compatibilityVersion = "Xcode 9.3";
			developmentRegion = en;
			hasScannedForEncodings = 0;
			knownRegions = (
				en,
				Base,
			);
			mainGroup = EC4354262267681C000346F2;
			productRefGroup = EC4354302267681C000346F2 /* Products */;
			projectDirPath = "";
			projectRoot = "";
			targets = (
				EC43542E2267681C000346F2 /* BullsEye */,
			);
		};
/* End PBXProject section */

/* Begin PBXResourcesBuildPhase section */
		EC43542D2267681C000346F2 /* Resources */ = {
			isa = PBXResourcesBuildPhase;
			buildActionMask = 2147483647;
			files = (
				EC43543D2267681D000346F2 /* LaunchScreen.storyboard in Resources */,
				EC2728DC226B7FBF00299D71 /* BullsEye.html in Resources */,
				EC43543A2267681D000346F2 /* Assets.xcassets in Resources */,
				EC4354382267681C000346F2 /* Main.storyboard in Resources */,
			);
			runOnlyForDeploymentPostprocessing = 0;
		};
/* End PBXResourcesBuildPhase section */

/* Begin PBXSourcesBuildPhase section */
		EC43542B2267681C000346F2 /* Sources */ = {
			isa = PBXSourcesBuildPhase;
			buildActionMask = 2147483647;
			files = (
				EC4354352267681C000346F2 /* MainViewController.swift in Sources */,
				EC4354332267681C000346F2 /* AppDelegate.swift in Sources */,
				EC2728D9226B733A00299D71 /* AboutViewController.swift in Sources */,
				EC5A59AC226C483500EF70A1 /* MainView.swift in Sources */,
				EC5A59AE226C48E100EF70A1 /* AboutView.swift in Sources */,
				EC5A59B0226C4E0600EF70A1 /* GameModel.swift in Sources */,
				EC24DB87226AB65400E8F698 /* ViewControllerHelper.swift in Sources */,
			);
			runOnlyForDeploymentPostprocessing = 0;
		};
/* End PBXSourcesBuildPhase section */

/* Begin PBXVariantGroup section */
		EC4354362267681C000346F2 /* Main.storyboard */ = {
			isa = PBXVariantGroup;
			children = (
				EC4354372267681C000346F2 /* Base */,
			);
			name = Main.storyboard;
			sourceTree = "<group>";
		};
		EC43543B2267681D000346F2 /* LaunchScreen.storyboard */ = {
			isa = PBXVariantGroup;
			children = (
				EC43543C2267681D000346F2 /* Base */,
			);
			name = LaunchScreen.storyboard;
			sourceTree = "<group>";
		};
/* End PBXVariantGroup section */

/* Begin XCBuildConfiguration section */
		EC43543F2267681D000346F2 /* Debug */ = {
			isa = XCBuildConfiguration;
			buildSettings = {
				ALWAYS_SEARCH_USER_PATHS = NO;
				CLANG_ANALYZER_NONNULL = YES;
				CLANG_ANALYZER_NUMBER_OBJECT_CONVERSION = YES_AGGRESSIVE;
				CLANG_CXX_LANGUAGE_STANDARD = "gnu++14";
				CLANG_CXX_LIBRARY = "libc++";
				CLANG_ENABLE_MODULES = YES;
				CLANG_ENABLE_OBJC_ARC = YES;
				CLANG_ENABLE_OBJC_WEAK = YES;
				CLANG_WARN_BLOCK_CAPTURE_AUTORELEASING = YES;
				CLANG_WARN_BOOL_CONVERSION = YES;
				CLANG_WARN_COMMA = YES;
				CLANG_WARN_CONSTANT_CONVERSION = YES;
				CLANG_WARN_DEPRECATED_OBJC_IMPLEMENTATIONS = YES;
				CLANG_WARN_DIRECT_OBJC_ISA_USAGE = YES_ERROR;
				CLANG_WARN_DOCUMENTATION_COMMENTS = YES;
				CLANG_WARN_EMPTY_BODY = YES;
				CLANG_WARN_ENUM_CONVERSION = YES;
				CLANG_WARN_INFINITE_RECURSION = YES;
				CLANG_WARN_INT_CONVERSION = YES;
				CLANG_WARN_NON_LITERAL_NULL_CONVERSION = YES;
				CLANG_WARN_OBJC_IMPLICIT_RETAIN_SELF = YES;
				CLANG_WARN_OBJC_LITERAL_CONVERSION = YES;
				CLANG_WARN_OBJC_ROOT_CLASS = YES_ERROR;
				CLANG_WARN_RANGE_LOOP_ANALYSIS = YES;
				CLANG_WARN_STRICT_PROTOTYPES = YES;
				CLANG_WARN_SUSPICIOUS_MOVE = YES;
				CLANG_WARN_UNGUARDED_AVAILABILITY = YES_AGGRESSIVE;
				CLANG_WARN_UNREACHABLE_CODE = YES;
				CLANG_WARN__DUPLICATE_METHOD_MATCH = YES;
				CODE_SIGN_IDENTITY = "iPhone Developer";
				COPY_PHASE_STRIP = NO;
				DEBUG_INFORMATION_FORMAT = dwarf;
				ENABLE_STRICT_OBJC_MSGSEND = YES;
				ENABLE_TESTABILITY = YES;
				GCC_C_LANGUAGE_STANDARD = gnu11;
				GCC_DYNAMIC_NO_PIC = NO;
				GCC_NO_COMMON_BLOCKS = YES;
				GCC_OPTIMIZATION_LEVEL = 0;
				GCC_PREPROCESSOR_DEFINITIONS = (
					"DEBUG=1",
					"$(inherited)",
				);
				GCC_WARN_64_TO_32_BIT_CONVERSION = YES;
				GCC_WARN_ABOUT_RETURN_TYPE = YES_ERROR;
				GCC_WARN_UNDECLARED_SELECTOR = YES;
				GCC_WARN_UNINITIALIZED_AUTOS = YES_AGGRESSIVE;
				GCC_WARN_UNUSED_FUNCTION = YES;
				GCC_WARN_UNUSED_VARIABLE = YES;
				IPHONEOS_DEPLOYMENT_TARGET = 12.2;
				MTL_ENABLE_DEBUG_INFO = INCLUDE_SOURCE;
				MTL_FAST_MATH = YES;
				ONLY_ACTIVE_ARCH = YES;
				SDKROOT = iphoneos;
				SWIFT_ACTIVE_COMPILATION_CONDITIONS = DEBUG;
				SWIFT_OPTIMIZATION_LEVEL = "-Onone";
			};
			name = Debug;
		};
		EC4354402267681D000346F2 /* Release */ = {
			isa = XCBuildConfiguration;
			buildSettings = {
				ALWAYS_SEARCH_USER_PATHS = NO;
				CLANG_ANALYZER_NONNULL = YES;
				CLANG_ANALYZER_NUMBER_OBJECT_CONVERSION = YES_AGGRESSIVE;
				CLANG_CXX_LANGUAGE_STANDARD = "gnu++14";
				CLANG_CXX_LIBRARY = "libc++";
				CLANG_ENABLE_MODULES = YES;
				CLANG_ENABLE_OBJC_ARC = YES;
				CLANG_ENABLE_OBJC_WEAK = YES;
				CLANG_WARN_BLOCK_CAPTURE_AUTORELEASING = YES;
				CLANG_WARN_BOOL_CONVERSION = YES;
				CLANG_WARN_COMMA = YES;
				CLANG_WARN_CONSTANT_CONVERSION = YES;
				CLANG_WARN_DEPRECATED_OBJC_IMPLEMENTATIONS = YES;
				CLANG_WARN_DIRECT_OBJC_ISA_USAGE = YES_ERROR;
				CLANG_WARN_DOCUMENTATION_COMMENTS = YES;
				CLANG_WARN_EMPTY_BODY = YES;
				CLANG_WARN_ENUM_CONVERSION = YES;
				CLANG_WARN_INFINITE_RECURSION = YES;
				CLANG_WARN_INT_CONVERSION = YES;
				CLANG_WARN_NON_LITERAL_NULL_CONVERSION = YES;
				CLANG_WARN_OBJC_IMPLICIT_RETAIN_SELF = YES;
				CLANG_WARN_OBJC_LITERAL_CONVERSION = YES;
				CLANG_WARN_OBJC_ROOT_CLASS = YES_ERROR;
				CLANG_WARN_RANGE_LOOP_ANALYSIS = YES;
				CLANG_WARN_STRICT_PROTOTYPES = YES;
				CLANG_WARN_SUSPICIOUS_MOVE = YES;
				CLANG_WARN_UNGUARDED_AVAILABILITY = YES_AGGRESSIVE;
				CLANG_WARN_UNREACHABLE_CODE = YES;
				CLANG_WARN__DUPLICATE_METHOD_MATCH = YES;
				CODE_SIGN_IDENTITY = "iPhone Developer";
				COPY_PHASE_STRIP = NO;
				DEBUG_INFORMATION_FORMAT = "dwarf-with-dsym";
				ENABLE_NS_ASSERTIONS = NO;
				ENABLE_STRICT_OBJC_MSGSEND = YES;
				GCC_C_LANGUAGE_STANDARD = gnu11;
				GCC_NO_COMMON_BLOCKS = YES;
				GCC_WARN_64_TO_32_BIT_CONVERSION = YES;
				GCC_WARN_ABOUT_RETURN_TYPE = YES_ERROR;
				GCC_WARN_UNDECLARED_SELECTOR = YES;
				GCC_WARN_UNINITIALIZED_AUTOS = YES_AGGRESSIVE;
				GCC_WARN_UNUSED_FUNCTION = YES;
				GCC_WARN_UNUSED_VARIABLE = YES;
				IPHONEOS_DEPLOYMENT_TARGET = 12.2;
				MTL_ENABLE_DEBUG_INFO = NO;
				MTL_FAST_MATH = YES;
				SDKROOT = iphoneos;
				SWIFT_COMPILATION_MODE = wholemodule;
				SWIFT_OPTIMIZATION_LEVEL = "-O";
				VALIDATE_PRODUCT = YES;
			};
			name = Release;
		};
		EC4354422267681D000346F2 /* Debug */ = {
			isa = XCBuildConfiguration;
			buildSettings = {
				ASSETCATALOG_COMPILER_APPICON_NAME = AppIcon;
				CODE_SIGN_STYLE = Automatic;
				DEVELOPMENT_TEAM = M6L52K5U45;
				INFOPLIST_FILE = BullsEye/Info.plist;
				LD_RUNPATH_SEARCH_PATHS = (
					"$(inherited)",
					"@executable_path/Frameworks",
				);
				PRODUCT_BUNDLE_IDENTIFIER = vnhai.com.vn.BullsEye;
				PRODUCT_NAME = "$(TARGET_NAME)";
				SWIFT_VERSION = 5.0;
				TARGETED_DEVICE_FAMILY = "1,2";
			};
			name = Debug;
		};
		EC4354432267681D000346F2 /* Release */ = {
			isa = XCBuildConfiguration;
			buildSettings = {
				ASSETCATALOG_COMPILER_APPICON_NAME = AppIcon;
				CODE_SIGN_STYLE = Automatic;
				DEVELOPMENT_TEAM = M6L52K5U45;
				INFOPLIST_FILE = BullsEye/Info.plist;
				LD_RUNPATH_SEARCH_PATHS = (
					"$(inherited)",
					"@executable_path/Frameworks",
				);
				PRODUCT_BUNDLE_IDENTIFIER = vnhai.com.vn.BullsEye;
				PRODUCT_NAME = "$(TARGET_NAME)";
				SWIFT_VERSION = 5.0;
				TARGETED_DEVICE_FAMILY = "1,2";
			};
			name = Release;
		};
/* End XCBuildConfiguration section */

/* Begin XCConfigurationList section */
		EC43542A2267681C000346F2 /* Build configuration list for PBXProject "BullsEye" */ = {
			isa = XCConfigurationList;
			buildConfigurations = (
				EC43543F2267681D000346F2 /* Debug */,
				EC4354402267681D000346F2 /* Release */,
			);
			defaultConfigurationIsVisible = 0;
			defaultConfigurationName = Release;
		};
		EC4354412267681D000346F2 /* Build configuration list for PBXNativeTarget "BullsEye" */ = {
			isa = XCConfigurationList;
			buildConfigurations = (
				EC4354422267681D000346F2 /* Debug */,
				EC4354432267681D000346F2 /* Release */,
			);
			defaultConfigurationIsVisible = 0;
			defaultConfigurationName = Release;
		};
/* End XCConfigurationList section */
	};
	rootObject = EC4354272267681C000346F2 /* Project object */;
}
